{
  "name": "orillusion",
  "version": "1.0.0",
  "lockfileVersion": 3,
  "requires": true,
  "packages": {
    "": {
      "name": "orillusion",
      "version": "1.0.0",
      "license": "ISC",
      "dependencies": {
        "@orillusion/core": "^0.7.2"
      }
    },
    "node_modules/@orillusion/core": {
      "version": "0.7.2",
      "resolved": "https://registry.npmjs.org/@orillusion/core/-/core-0.7.2.tgz",
      "integrity": "sha512-GeH1coIFjNWJRm8RKRd3dFwpJfDoZPbEI3cNxJnqivKKWN49HlzlOiq4RGnDcxZMdvljoB3uGVXOuzEeaLp3qA=="
    }
  }
}
